
Microsoft Visual Studio Solution File, Format Version 12.00
# Visual Studio Version 17
VisualStudioVersion = 17.12.35707.178 d17.12
MinimumVisualStudioVersion = 10.0.40219.1
Project("{FAE04EC0-301F-11D3-BF4B-00C04F79EFBC}") = "Belissimo_Web_API", "Belissimo_Web_API\Belissimo_Web_API.csproj", "{2FFD8087-03D5-4C71-8616-B7249E94EAEA}"
EndProject
Project("{FAE04EC0-301F-11D3-BF4B-00C04F79EFBC}") = "DataAccessLayer", "DataAccessLayer\DataAccessLayer.csproj", "{1B4E689A-5216-4170-8EDC-660D0A5C379B}"
EndProject
Project("{FAE04EC0-301F-11D3-BF4B-00C04F79EFBC}") = "BusinessLogicLayer", "BusinessLogicLayer\BusinessLogicLayer.csproj", "{ECD5A9EA-72BD-4CC7-888C-F501D3B73DAD}"
EndProject
Project("{FAE04EC0-301F-11D3-BF4B-00C04F79EFBC}") = "DTOs", "DTOs\DTOs.csproj", "{D256D761-A950-4036-A4F3-22731AB37CBE}"
EndProject
Global
	GlobalSection(SolutionConfigurationPlatforms) = preSolution
		Debug|Any CPU = Debug|Any CPU
		Release|Any CPU = Release|Any CPU
	EndGlobalSection
	GlobalSection(ProjectConfigurationPlatforms) = postSolution
		{2FFD8087-03D5-4C71-8616-B7249E94EAEA}.Debug|Any CPU.ActiveCfg = Debug|Any CPU
		{2FFD8087-03D5-4C71-8616-B7249E94EAEA}.Debug|Any CPU.Build.0 = Debug|Any CPU
		{2FFD8087-03D5-4C71-8616-B7249E94EAEA}.Release|Any CPU.ActiveCfg = Release|Any CPU
		{2FFD8087-03D5-4C71-8616-B7249E94EAEA}.Release|Any CPU.Build.0 = Release|Any CPU
		{1B4E689A-5216-4170-8EDC-660D0A5C379B}.Debug|Any CPU.ActiveCfg = Debug|Any CPU
		{1B4E689A-5216-4170-8EDC-660D0A5C379B}.Debug|Any CPU.Build.0 = Debug|Any CPU
		{1B4E689A-5216-4170-8EDC-660D0A5C379B}.Release|Any CPU.ActiveCfg = Release|Any CPU
		{1B4E689A-5216-4170-8EDC-660D0A5C379B}.Release|Any CPU.Build.0 = Release|Any CPU
		{ECD5A9EA-72BD-4CC7-888C-F501D3B73DAD}.Debug|Any CPU.ActiveCfg = Debug|Any CPU
		{ECD5A9EA-72BD-4CC7-888C-F501D3B73DAD}.Debug|Any CPU.Build.0 = Debug|Any CPU
		{ECD5A9EA-72BD-4CC7-888C-F501D3B73DAD}.Release|Any CPU.ActiveCfg = Release|Any CPU
		{ECD5A9EA-72BD-4CC7-888C-F501D3B73DAD}.Release|Any CPU.Build.0 = Release|Any CPU
		{D256D761-A950-4036-A4F3-22731AB37CBE}.Debug|Any CPU.ActiveCfg = Debug|Any CPU
		{D256D761-A950-4036-A4F3-22731AB37CBE}.Debug|Any CPU.Build.0 = Debug|Any CPU
		{D256D761-A950-4036-A4F3-22731AB37CBE}.Release|Any CPU.ActiveCfg = Release|Any CPU
		{D256D761-A950-4036-A4F3-22731AB37CBE}.Release|Any CPU.Build.0 = Release|Any CPU
	EndGlobalSection
	GlobalSection(SolutionProperties) = preSolution
		HideSolutionNode = FALSE
	EndGlobalSection
EndGlobal
